
Microsoft Visual Studio Solution File, Format Version 12.00
# Visual Studio 2012
Project("{FAE04EC0-301F-11D3-BF4B-00C04F79EFBC}") = "RandomDigit", "RandomDigit\RandomDigit.csproj", "{884B13C6-2221-4019-AFDB-1D7C2DF90E41}"
EndProject
Global
	GlobalSection(SolutionConfigurationPlatforms) = preSolution
		Debug|Any CPU = Debug|Any CPU
		Release|Any CPU = Release|Any CPU
	EndGlobalSection
	GlobalSection(ProjectConfigurationPlatforms) = postSolution
		{884B13C6-2221-4019-AFDB-1D7C2DF90E41}.Debug|Any CPU.ActiveCfg = Debug|Any CPU
		{884B13C6-2221-4019-AFDB-1D7C2DF90E41}.Debug|Any CPU.Build.0 = Debug|Any CPU
		{884B13C6-2221-4019-AFDB-1D7C2DF90E41}.Release|Any CPU.ActiveCfg = Release|Any CPU
		{884B13C6-2221-4019-AFDB-1D7C2DF90E41}.Release|Any CPU.Build.0 = Release|Any CPU
	EndGlobalSection
	GlobalSection(SolutionProperties) = preSolution
		HideSolutionNode = FALSE
	EndGlobalSection
EndGlobal
